
Microsoft Visual Studio Solution File, Format Version 12.00
# Visual Studio Version 17
VisualStudioVersion = 17.11.35327.3
MinimumVisualStudioVersion = 10.0.40219.1
Project("{8BC9CEB8-8B4A-11D0-8D11-00A0C91BC942}") = "Brick-Breaker", "Brick-Breaker\Brick-Breaker.vcxproj", "{4D813CF0-8FF8-49BE-98AD-F513FEDB86B6}"
EndProject
Global
	GlobalSection(SolutionConfigurationPlatforms) = preSolution
		Debug|x64 = Debug|x64
		Debug|x86 = Debug|x86
		Release|x64 = Release|x64
		Release|x86 = Release|x86
	EndGlobalSection
	GlobalSection(ProjectConfigurationPlatforms) = postSolution
		{4D813CF0-8FF8-49BE-98AD-F513FEDB86B6}.Debug|x64.ActiveCfg = Debug|x64
		{4D813CF0-8FF8-49BE-98AD-F513FEDB86B6}.Debug|x64.Build.0 = Debug|x64
		{4D813CF0-8FF8-49BE-98AD-F513FEDB86B6}.Debug|x86.ActiveCfg = Debug|Win32
		{4D813CF0-8FF8-49BE-98AD-F513FEDB86B6}.Debug|x86.Build.0 = Debug|Win32
		{4D813CF0-8FF8-49BE-98AD-F513FEDB86B6}.Release|x64.ActiveCfg = Release|x64
		{4D813CF0-8FF8-49BE-98AD-F513FEDB86B6}.Release|x64.Build.0 = Release|x64
		{4D813CF0-8FF8-49BE-98AD-F513FEDB86B6}.Release|x86.ActiveCfg = Release|Win32
		{4D813CF0-8FF8-49BE-98AD-F513FEDB86B6}.Release|x86.Build.0 = Release|Win32
	EndGlobalSection
	GlobalSection(SolutionProperties) = preSolution
		HideSolutionNode = FALSE
	EndGlobalSection
	GlobalSection(ExtensibilityGlobals) = postSolution
		SolutionGuid = {B76F87F7-F490-4653-BA7A-25D4C37E081E}
	EndGlobalSection
EndGlobal
